
Microsoft Visual Studio Solution File, Format Version 12.00
# Visual Studio Version 17
VisualStudioVersion = 17.5.002.0
MinimumVisualStudioVersion = 10.0.40219.1
Project("{9A19103F-16F7-4668-BE54-9A1E7A4F7556}") = "Play.Catalog.Service", "Play.Catalog.Service\Play.Catalog.Service.csproj", "{17A9A6D4-82B0-4DAE-875A-91ED8A1E4110}"
EndProject
Global
	GlobalSection(SolutionConfigurationPlatforms) = preSolution
		Debug|Any CPU = Debug|Any CPU
		Release|Any CPU = Release|Any CPU
	EndGlobalSection
	GlobalSection(ProjectConfigurationPlatforms) = postSolution
		{17A9A6D4-82B0-4DAE-875A-91ED8A1E4110}.Debug|Any CPU.ActiveCfg = Debug|Any CPU
		{17A9A6D4-82B0-4DAE-875A-91ED8A1E4110}.Debug|Any CPU.Build.0 = Debug|Any CPU
		{17A9A6D4-82B0-4DAE-875A-91ED8A1E4110}.Release|Any CPU.ActiveCfg = Release|Any CPU
		{17A9A6D4-82B0-4DAE-875A-91ED8A1E4110}.Release|Any CPU.Build.0 = Release|Any CPU
	EndGlobalSection
	GlobalSection(SolutionProperties) = preSolution
		HideSolutionNode = FALSE
	EndGlobalSection
	GlobalSection(ExtensibilityGlobals) = postSolution
		SolutionGuid = {3AACFE1C-807B-42F0-8767-0E0F876AF1DA}
	EndGlobalSection
EndGlobal
